
Microsoft Visual Studio Solution File, Format Version 12.00
# Visual Studio Version 17
VisualStudioVersion = 17.5.002.0
MinimumVisualStudioVersion = 10.0.40219.1
Project("{9A19103F-16F7-4668-BE54-9A1E7A4F7556}") = "multi-thread", "multi-thread.csproj", "{84CD0339-8A11-45CA-AFF2-504F881FDF5E}"
EndProject
Global
	GlobalSection(SolutionConfigurationPlatforms) = preSolution
		Debug|Any CPU = Debug|Any CPU
		Release|Any CPU = Release|Any CPU
	EndGlobalSection
	GlobalSection(ProjectConfigurationPlatforms) = postSolution
		{84CD0339-8A11-45CA-AFF2-504F881FDF5E}.Debug|Any CPU.ActiveCfg = Debug|Any CPU
		{84CD0339-8A11-45CA-AFF2-504F881FDF5E}.Debug|Any CPU.Build.0 = Debug|Any CPU
		{84CD0339-8A11-45CA-AFF2-504F881FDF5E}.Release|Any CPU.ActiveCfg = Release|Any CPU
		{84CD0339-8A11-45CA-AFF2-504F881FDF5E}.Release|Any CPU.Build.0 = Release|Any CPU
	EndGlobalSection
	GlobalSection(SolutionProperties) = preSolution
		HideSolutionNode = FALSE
	EndGlobalSection
	GlobalSection(ExtensibilityGlobals) = postSolution
		SolutionGuid = {5973F4FD-FADA-4C0C-BDB3-252ADE6E97F4}
	EndGlobalSection
EndGlobal
